
Microsoft Visual Studio Solution File, Format Version 12.00
# Visual Studio Version 17
VisualStudioVersion = 17.11.35222.181
MinimumVisualStudioVersion = 10.0.40219.1
Project("{F184B08F-C81C-45F6-A57F-5ABD9991F28F}") = "Agenda", "Agenda\Agenda.vbproj", "{AAD5AC1D-A3F2-427D-9688-205544E16C05}"
EndProject
Global
	GlobalSection(SolutionConfigurationPlatforms) = preSolution
		Debug|Any CPU = Debug|Any CPU
		Release|Any CPU = Release|Any CPU
	EndGlobalSection
	GlobalSection(ProjectConfigurationPlatforms) = postSolution
		{AAD5AC1D-A3F2-427D-9688-205544E16C05}.Debug|Any CPU.ActiveCfg = Debug|Any CPU
		{AAD5AC1D-A3F2-427D-9688-205544E16C05}.Debug|Any CPU.Build.0 = Debug|Any CPU
		{AAD5AC1D-A3F2-427D-9688-205544E16C05}.Release|Any CPU.ActiveCfg = Release|Any CPU
		{AAD5AC1D-A3F2-427D-9688-205544E16C05}.Release|Any CPU.Build.0 = Release|Any CPU
	EndGlobalSection
	GlobalSection(SolutionProperties) = preSolution
		HideSolutionNode = FALSE
	EndGlobalSection
	GlobalSection(ExtensibilityGlobals) = postSolution
		SolutionGuid = {7584A9E1-3EB9-4563-8A7A-24D2E65B1F4C}
	EndGlobalSection
EndGlobal
